Microsoft Visual Studio Solution File, Format Version 11.00
# Visual Studio 2008

Project("{4CC22403-31BB-70C4-C691-C1FA2713204B}") = "Activity-Online", "Assembly-CSharp-firstpass.csproj", "{5009C0C1-5F91-95FB-D8E4-7ADD86CBC1B0}"
EndProject
Project("{4CC22403-31BB-70C4-C691-C1FA2713204B}") = "Activity-Online", "Assembly-CSharp.csproj", "{F6249FDA-3537-5BC8-584C-F8D6BF925706}"
EndProject
Project("{4CC22403-31BB-70C4-C691-C1FA2713204B}") = "Activity-Online", "Assembly-CSharp-Editor.csproj", "{518D7CA5-188C-AA1B-FA59-6A1E4DA13922}"
EndProject
Global
	GlobalSection(SolutionConfigurationPlatforms) = preSolution
		Debug|Any CPU = Debug|Any CPU
		Release|Any CPU = Release|Any CPU
	EndGlobalSection
	GlobalSection(ProjectConfigurationPlatforms) = postSolution
		{5009C0C1-5F91-95FB-D8E4-7ADD86CBC1B0}.Debug|Any CPU.ActiveCfg = Debug|Any CPU
		{5009C0C1-5F91-95FB-D8E4-7ADD86CBC1B0}.Debug|Any CPU.Build.0 = Debug|Any CPU
		{5009C0C1-5F91-95FB-D8E4-7ADD86CBC1B0}.Release|Any CPU.ActiveCfg = Release|Any CPU
		{5009C0C1-5F91-95FB-D8E4-7ADD86CBC1B0}.Release|Any CPU.Build.0 = Release|Any CPU
		{F6249FDA-3537-5BC8-584C-F8D6BF925706}.Debug|Any CPU.ActiveCfg = Debug|Any CPU
		{F6249FDA-3537-5BC8-584C-F8D6BF925706}.Debug|Any CPU.Build.0 = Debug|Any CPU
		{F6249FDA-3537-5BC8-584C-F8D6BF925706}.Release|Any CPU.ActiveCfg = Release|Any CPU
		{F6249FDA-3537-5BC8-584C-F8D6BF925706}.Release|Any CPU.Build.0 = Release|Any CPU
		{518D7CA5-188C-AA1B-FA59-6A1E4DA13922}.Debug|Any CPU.ActiveCfg = Debug|Any CPU
		{518D7CA5-188C-AA1B-FA59-6A1E4DA13922}.Debug|Any CPU.Build.0 = Debug|Any CPU
		{518D7CA5-188C-AA1B-FA59-6A1E4DA13922}.Release|Any CPU.ActiveCfg = Release|Any CPU
		{518D7CA5-188C-AA1B-FA59-6A1E4DA13922}.Release|Any CPU.Build.0 = Release|Any CPU
	EndGlobalSection
	GlobalSection(SolutionProperties) = preSolution
		HideSolutionNode = FALSE
	EndGlobalSection
	GlobalSection(MonoDevelopProperties) = preSolution
		StartupItem = Assembly-CSharp.csproj
	EndGlobalSection
EndGlobal
